
Microsoft Visual Studio Solution File, Format Version 12.00
# Visual Studio 14
VisualStudioVersion = 14.0.25123.0
MinimumVisualStudioVersion = 10.0.40219.1
Project("{FAE04EC0-301F-11D3-BF4B-00C04F79EFBC}") = "AspNetFines", "AspNetFines\AspNetFines.csproj", "{CEEA2E9B-A672-4158-ACC5-AE6151987D56}"
EndProject
Project("{FAE04EC0-301F-11D3-BF4B-00C04F79EFBC}") = "DataFines", "DataFines\DataFines.csproj", "{FD522C61-DCD0-4A15-88B8-94D71106483E}"
EndProject
Global
	GlobalSection(SolutionConfigurationPlatforms) = preSolution
		Debug|Any CPU = Debug|Any CPU
		Release|Any CPU = Release|Any CPU
	EndGlobalSection
	GlobalSection(ProjectConfigurationPlatforms) = postSolution
		{CEEA2E9B-A672-4158-ACC5-AE6151987D56}.Debug|Any CPU.ActiveCfg = Debug|Any CPU
		{CEEA2E9B-A672-4158-ACC5-AE6151987D56}.Debug|Any CPU.Build.0 = Debug|Any CPU
		{CEEA2E9B-A672-4158-ACC5-AE6151987D56}.Release|Any CPU.ActiveCfg = Release|Any CPU
		{CEEA2E9B-A672-4158-ACC5-AE6151987D56}.Release|Any CPU.Build.0 = Release|Any CPU
		{FD522C61-DCD0-4A15-88B8-94D71106483E}.Debug|Any CPU.ActiveCfg = Debug|Any CPU
		{FD522C61-DCD0-4A15-88B8-94D71106483E}.Debug|Any CPU.Build.0 = Debug|Any CPU
		{FD522C61-DCD0-4A15-88B8-94D71106483E}.Release|Any CPU.ActiveCfg = Release|Any CPU
		{FD522C61-DCD0-4A15-88B8-94D71106483E}.Release|Any CPU.Build.0 = Release|Any CPU
	EndGlobalSection
	GlobalSection(SolutionProperties) = preSolution
		HideSolutionNode = FALSE
	EndGlobalSection
EndGlobal
